
Microsoft Visual Studio Solution File, Format Version 12.00
# Visual Studio 15
VisualStudioVersion = 15.0.27703.2042
MinimumVisualStudioVersion = 10.0.40219.1
Project("{FAE04EC0-301F-11D3-BF4B-00C04F79EFBC}") = "Binary_UWP", "Binary_UWP\Binary_UWP.csproj", "{38A6D448-6B9B-4866-A870-0F897FB67ADC}"
EndProject
Global
	GlobalSection(SolutionConfigurationPlatforms) = preSolution
		Debug|ARM = Debug|ARM
		Debug|x64 = Debug|x64
		Debug|x86 = Debug|x86
		Release|ARM = Release|ARM
		Release|x64 = Release|x64
		Release|x86 = Release|x86
	EndGlobalSection
	GlobalSection(ProjectConfigurationPlatforms) = postSolution
		{38A6D448-6B9B-4866-A870-0F897FB67ADC}.Debug|ARM.ActiveCfg = Debug|ARM
		{38A6D448-6B9B-4866-A870-0F897FB67ADC}.Debug|ARM.Build.0 = Debug|ARM
		{38A6D448-6B9B-4866-A870-0F897FB67ADC}.Debug|ARM.Deploy.0 = Debug|ARM
		{38A6D448-6B9B-4866-A870-0F897FB67ADC}.Debug|x64.ActiveCfg = Debug|x64
		{38A6D448-6B9B-4866-A870-0F897FB67ADC}.Debug|x64.Build.0 = Debug|x64
		{38A6D448-6B9B-4866-A870-0F897FB67ADC}.Debug|x64.Deploy.0 = Debug|x64
		{38A6D448-6B9B-4866-A870-0F897FB67ADC}.Debug|x86.ActiveCfg = Debug|x86
		{38A6D448-6B9B-4866-A870-0F897FB67ADC}.Debug|x86.Build.0 = Debug|x86
		{38A6D448-6B9B-4866-A870-0F897FB67ADC}.Debug|x86.Deploy.0 = Debug|x86
		{38A6D448-6B9B-4866-A870-0F897FB67ADC}.Release|ARM.ActiveCfg = Release|ARM
		{38A6D448-6B9B-4866-A870-0F897FB67ADC}.Release|ARM.Build.0 = Release|ARM
		{38A6D448-6B9B-4866-A870-0F897FB67ADC}.Release|ARM.Deploy.0 = Release|ARM
		{38A6D448-6B9B-4866-A870-0F897FB67ADC}.Release|x64.ActiveCfg = Release|x64
		{38A6D448-6B9B-4866-A870-0F897FB67ADC}.Release|x64.Build.0 = Release|x64
		{38A6D448-6B9B-4866-A870-0F897FB67ADC}.Release|x64.Deploy.0 = Release|x64
		{38A6D448-6B9B-4866-A870-0F897FB67ADC}.Release|x86.ActiveCfg = Release|x86
		{38A6D448-6B9B-4866-A870-0F897FB67ADC}.Release|x86.Build.0 = Release|x86
		{38A6D448-6B9B-4866-A870-0F897FB67ADC}.Release|x86.Deploy.0 = Release|x86
	EndGlobalSection
	GlobalSection(SolutionProperties) = preSolution
		HideSolutionNode = FALSE
	EndGlobalSection
	GlobalSection(ExtensibilityGlobals) = postSolution
		SolutionGuid = {C02470F2-12D3-401B-9CC5-CA382A3ABF29}
	EndGlobalSection
EndGlobal
